
Microsoft Visual Studio Solution File, Format Version 12.00
# Visual Studio Version 16
VisualStudioVersion = 16.0.31105.61
MinimumVisualStudioVersion = 10.0.40219.1
Project("{9A19103F-16F7-4668-BE54-9A1E7A4F7556}") = "HomeWork1.1", "HomeWork1\HomeWork1.1\HomeWork1.1.csproj", "{1ACF7414-F80F-4DED-BB4A-5CBB622A193A}"
EndProject
Project("{9A19103F-16F7-4668-BE54-9A1E7A4F7556}") = "ExtraWork2.2", "HomeWork2\ExtraWork2.2\ExtraWork2.2.csproj", "{ECCA256D-B1FD-40D0-B482-207D77344DA9}"
EndProject
Project("{9A19103F-16F7-4668-BE54-9A1E7A4F7556}") = "ExtraWork2.1", "HomeWork2\ExtraWork2.1\ExtraWork2.1.csproj", "{63BC52E1-4512-4F67-ADA8-19A51FD44564}"
EndProject
Project("{9A19103F-16F7-4668-BE54-9A1E7A4F7556}") = "HomeWork2.1", "HomeWork2\HomeWork2.1\HomeWork2.1.csproj", "{2CA097A2-F843-4DB7-8A03-20843E9AB97A}"
EndProject
Project("{9A19103F-16F7-4668-BE54-9A1E7A4F7556}") = "HomeWork2.2", "HomeWork2\HomeWork2.2\HomeWork2.2.csproj", "{FFC42B08-4AE3-443A-BBC9-118153E05E72}"
EndProject
Project("{9A19103F-16F7-4668-BE54-9A1E7A4F7556}") = "HomeWork1.2", "HomeWork1\HomeWork1.2\HomeWork1.2.csproj", "{957D3419-7183-4D76-98CB-D3F713805D1F}"
EndProject
Project("{9A19103F-16F7-4668-BE54-9A1E7A4F7556}") = "ExtraWork3.1", "HomeWork3\ExtraWork3.1\ExtraWork3.1.csproj", "{C61A2AEF-FB30-4175-B950-C3CADD1107CE}"
EndProject
Project("{9A19103F-16F7-4668-BE54-9A1E7A4F7556}") = "ExtraWork3.2", "HomeWork3\ExtraWork3.2\ExtraWork3.2.csproj", "{4AB63BB7-1DE5-4D7F-984F-6FD954137C17}"
EndProject
Project("{9A19103F-16F7-4668-BE54-9A1E7A4F7556}") = "HomeWork3.1", "HomeWork3\HomeWork3.1\HomeWork3.1.csproj", "{367E95A4-88F5-4122-B9E0-6D4D0669536E}"
EndProject
Project("{9A19103F-16F7-4668-BE54-9A1E7A4F7556}") = "HomeWork3.2", "HomeWork3\HomeWork3.2\HomeWork3.2.csproj", "{594EE39A-1A31-4313-A6D4-6726E809FB14}"
EndProject
Project("{9A19103F-16F7-4668-BE54-9A1E7A4F7556}") = "ProjectRestaurant", "ProjectRestaurant\ProjectRestaurant\ProjectRestaurant.csproj", "{CC9A8B99-0AEF-4A17-A2A5-D516C9A67D46}"
EndProject
Project("{9A19103F-16F7-4668-BE54-9A1E7A4F7556}") = "HomeWork4.3", "HomeWork4\HomeWork4.3\HomeWork4.3.csproj", "{9A69C2BF-28CE-41C2-BD9C-5D5C305F5892}"
EndProject
Project("{9A19103F-16F7-4668-BE54-9A1E7A4F7556}") = "HomeWork4.4", "HomeWork4\HomeWork4.4\HomeWork4.4.csproj", "{515B8D1B-8A5E-44C5-B2E8-4D98C38ACCEE}"
EndProject
Project("{9A19103F-16F7-4668-BE54-9A1E7A4F7556}") = "HomeWork4.5", "HomeWork4\HomeWork4.5\HomeWork4.5.csproj", "{A5AF7134-5A2F-4243-905C-CDA55928D21B}"
EndProject
Project("{FAE04EC0-301F-11D3-BF4B-00C04F79EFBC}") = "ProjectRestaurantLibrary", "ProjectRestaurantLibrary\ProjectRestaurantLibrary.csproj", "{ACC1BB1D-3207-4B7C-BEAE-F1875E5DBE3E}"
EndProject
Global
	GlobalSection(SolutionConfigurationPlatforms) = preSolution
		Debug|Any CPU = Debug|Any CPU
		Release|Any CPU = Release|Any CPU
	EndGlobalSection
	GlobalSection(ProjectConfigurationPlatforms) = postSolution
		{1ACF7414-F80F-4DED-BB4A-5CBB622A193A}.Debug|Any CPU.ActiveCfg = Debug|Any CPU
		{1ACF7414-F80F-4DED-BB4A-5CBB622A193A}.Debug|Any CPU.Build.0 = Debug|Any CPU
		{1ACF7414-F80F-4DED-BB4A-5CBB622A193A}.Release|Any CPU.ActiveCfg = Release|Any CPU
		{1ACF7414-F80F-4DED-BB4A-5CBB622A193A}.Release|Any CPU.Build.0 = Release|Any CPU
		{ECCA256D-B1FD-40D0-B482-207D77344DA9}.Debug|Any CPU.ActiveCfg = Debug|Any CPU
		{ECCA256D-B1FD-40D0-B482-207D77344DA9}.Debug|Any CPU.Build.0 = Debug|Any CPU
		{ECCA256D-B1FD-40D0-B482-207D77344DA9}.Release|Any CPU.ActiveCfg = Release|Any CPU
		{ECCA256D-B1FD-40D0-B482-207D77344DA9}.Release|Any CPU.Build.0 = Release|Any CPU
		{63BC52E1-4512-4F67-ADA8-19A51FD44564}.Debug|Any CPU.ActiveCfg = Debug|Any CPU
		{63BC52E1-4512-4F67-ADA8-19A51FD44564}.Debug|Any CPU.Build.0 = Debug|Any CPU
		{63BC52E1-4512-4F67-ADA8-19A51FD44564}.Release|Any CPU.ActiveCfg = Release|Any CPU
		{63BC52E1-4512-4F67-ADA8-19A51FD44564}.Release|Any CPU.Build.0 = Release|Any CPU
		{2CA097A2-F843-4DB7-8A03-20843E9AB97A}.Debug|Any CPU.ActiveCfg = Debug|Any CPU
		{2CA097A2-F843-4DB7-8A03-20843E9AB97A}.Debug|Any CPU.Build.0 = Debug|Any CPU
		{2CA097A2-F843-4DB7-8A03-20843E9AB97A}.Release|Any CPU.ActiveCfg = Release|Any CPU
		{2CA097A2-F843-4DB7-8A03-20843E9AB97A}.Release|Any CPU.Build.0 = Release|Any CPU
		{FFC42B08-4AE3-443A-BBC9-118153E05E72}.Debug|Any CPU.ActiveCfg = Debug|Any CPU
		{FFC42B08-4AE3-443A-BBC9-118153E05E72}.Debug|Any CPU.Build.0 = Debug|Any CPU
		{FFC42B08-4AE3-443A-BBC9-118153E05E72}.Release|Any CPU.ActiveCfg = Release|Any CPU
		{FFC42B08-4AE3-443A-BBC9-118153E05E72}.Release|Any CPU.Build.0 = Release|Any CPU
		{957D3419-7183-4D76-98CB-D3F713805D1F}.Debug|Any CPU.ActiveCfg = Debug|Any CPU
		{957D3419-7183-4D76-98CB-D3F713805D1F}.Debug|Any CPU.Build.0 = Debug|Any CPU
		{957D3419-7183-4D76-98CB-D3F713805D1F}.Release|Any CPU.ActiveCfg = Release|Any CPU
		{957D3419-7183-4D76-98CB-D3F713805D1F}.Release|Any CPU.Build.0 = Release|Any CPU
		{C61A2AEF-FB30-4175-B950-C3CADD1107CE}.Debug|Any CPU.ActiveCfg = Debug|Any CPU
		{C61A2AEF-FB30-4175-B950-C3CADD1107CE}.Debug|Any CPU.Build.0 = Debug|Any CPU
		{C61A2AEF-FB30-4175-B950-C3CADD1107CE}.Release|Any CPU.ActiveCfg = Release|Any CPU
		{C61A2AEF-FB30-4175-B950-C3CADD1107CE}.Release|Any CPU.Build.0 = Release|Any CPU
		{4AB63BB7-1DE5-4D7F-984F-6FD954137C17}.Debug|Any CPU.ActiveCfg = Debug|Any CPU
		{4AB63BB7-1DE5-4D7F-984F-6FD954137C17}.Debug|Any CPU.Build.0 = Debug|Any CPU
		{4AB63BB7-1DE5-4D7F-984F-6FD954137C17}.Release|Any CPU.ActiveCfg = Release|Any CPU
		{4AB63BB7-1DE5-4D7F-984F-6FD954137C17}.Release|Any CPU.Build.0 = Release|Any CPU
		{367E95A4-88F5-4122-B9E0-6D4D0669536E}.Debug|Any CPU.ActiveCfg = Debug|Any CPU
		{367E95A4-88F5-4122-B9E0-6D4D0669536E}.Debug|Any CPU.Build.0 = Debug|Any CPU
		{367E95A4-88F5-4122-B9E0-6D4D0669536E}.Release|Any CPU.ActiveCfg = Release|Any CPU
		{367E95A4-88F5-4122-B9E0-6D4D0669536E}.Release|Any CPU.Build.0 = Release|Any CPU
		{594EE39A-1A31-4313-A6D4-6726E809FB14}.Debug|Any CPU.ActiveCfg = Debug|Any CPU
		{594EE39A-1A31-4313-A6D4-6726E809FB14}.Debug|Any CPU.Build.0 = Debug|Any CPU
		{594EE39A-1A31-4313-A6D4-6726E809FB14}.Release|Any CPU.ActiveCfg = Release|Any CPU
		{594EE39A-1A31-4313-A6D4-6726E809FB14}.Release|Any CPU.Build.0 = Release|Any CPU
		{CC9A8B99-0AEF-4A17-A2A5-D516C9A67D46}.Debug|Any CPU.ActiveCfg = Debug|Any CPU
		{CC9A8B99-0AEF-4A17-A2A5-D516C9A67D46}.Debug|Any CPU.Build.0 = Debug|Any CPU
		{CC9A8B99-0AEF-4A17-A2A5-D516C9A67D46}.Release|Any CPU.ActiveCfg = Release|Any CPU
		{CC9A8B99-0AEF-4A17-A2A5-D516C9A67D46}.Release|Any CPU.Build.0 = Release|Any CPU
		{9A69C2BF-28CE-41C2-BD9C-5D5C305F5892}.Debug|Any CPU.ActiveCfg = Debug|Any CPU
		{9A69C2BF-28CE-41C2-BD9C-5D5C305F5892}.Debug|Any CPU.Build.0 = Debug|Any CPU
		{9A69C2BF-28CE-41C2-BD9C-5D5C305F5892}.Release|Any CPU.ActiveCfg = Release|Any CPU
		{9A69C2BF-28CE-41C2-BD9C-5D5C305F5892}.Release|Any CPU.Build.0 = Release|Any CPU
		{515B8D1B-8A5E-44C5-B2E8-4D98C38ACCEE}.Debug|Any CPU.ActiveCfg = Debug|Any CPU
		{515B8D1B-8A5E-44C5-B2E8-4D98C38ACCEE}.Debug|Any CPU.Build.0 = Debug|Any CPU
		{515B8D1B-8A5E-44C5-B2E8-4D98C38ACCEE}.Release|Any CPU.ActiveCfg = Release|Any CPU
		{515B8D1B-8A5E-44C5-B2E8-4D98C38ACCEE}.Release|Any CPU.Build.0 = Release|Any CPU
		{A5AF7134-5A2F-4243-905C-CDA55928D21B}.Debug|Any CPU.ActiveCfg = Debug|Any CPU
		{A5AF7134-5A2F-4243-905C-CDA55928D21B}.Debug|Any CPU.Build.0 = Debug|Any CPU
		{A5AF7134-5A2F-4243-905C-CDA55928D21B}.Release|Any CPU.ActiveCfg = Release|Any CPU
		{A5AF7134-5A2F-4243-905C-CDA55928D21B}.Release|Any CPU.Build.0 = Release|Any CPU
		{ACC1BB1D-3207-4B7C-BEAE-F1875E5DBE3E}.Debug|Any CPU.ActiveCfg = Debug|Any CPU
		{ACC1BB1D-3207-4B7C-BEAE-F1875E5DBE3E}.Debug|Any CPU.Build.0 = Debug|Any CPU
		{ACC1BB1D-3207-4B7C-BEAE-F1875E5DBE3E}.Release|Any CPU.ActiveCfg = Release|Any CPU
		{ACC1BB1D-3207-4B7C-BEAE-F1875E5DBE3E}.Release|Any CPU.Build.0 = Release|Any CPU
	EndGlobalSection
	GlobalSection(SolutionProperties) = preSolution
		HideSolutionNode = FALSE
	EndGlobalSection
	GlobalSection(ExtensibilityGlobals) = postSolution
		SolutionGuid = {BE4D6205-D1FA-4A41-A032-87F6C8E6B3AF}
	EndGlobalSection
EndGlobal
