
Microsoft Visual Studio Solution File, Format Version 12.00
# Visual Studio Version 16
VisualStudioVersion = 16.0.31105.61
MinimumVisualStudioVersion = 10.0.40219.1
Project("{9A19103F-16F7-4668-BE54-9A1E7A4F7556}") = "HomeWork1.2", "HomeWork1.2\HomeWork1.2.csproj", "{76B73A44-EC55-4D32-90D7-5DE009719B51}"
EndProject
Project("{9A19103F-16F7-4668-BE54-9A1E7A4F7556}") = "HomeWork1.1", "HomeWork1.1\HomeWork1.1.csproj", "{9FD7D71D-B04E-455E-8759-84824B390BFA}"
EndProject
Project("{9A19103F-16F7-4668-BE54-9A1E7A4F7556}") = "HomeWork2.1", "HomeWork2.1\HomeWork2.1.csproj", "{2001220A-4979-481C-966D-129D1B5B0785}"
EndProject
Project("{9A19103F-16F7-4668-BE54-9A1E7A4F7556}") = "HomeWork 2.2", "HomeWork2.2\HomeWork 2.2.csproj", "{F63BDD23-784C-462C-BD6A-3617627EF19F}"
EndProject
Project("{9A19103F-16F7-4668-BE54-9A1E7A4F7556}") = "ExtraWork2.1", "ExtraWork2.1\ExtraWork2.1.csproj", "{72B44593-E8F0-43DA-A0E6-36FDF961FCC5}"
EndProject
Project("{FAE04EC0-301F-11D3-BF4B-00C04F79EFBC}") = "ExtraWork2.2", "ExtraWork2.2\ExtraWork2.2.csproj", "{AD0B64F5-635C-42FB-8181-6C8041B0B675}"
EndProject
Global
	GlobalSection(SolutionConfigurationPlatforms) = preSolution
		Debug|Any CPU = Debug|Any CPU
		Release|Any CPU = Release|Any CPU
	EndGlobalSection
	GlobalSection(ProjectConfigurationPlatforms) = postSolution
		{76B73A44-EC55-4D32-90D7-5DE009719B51}.Debug|Any CPU.ActiveCfg = Debug|Any CPU
		{76B73A44-EC55-4D32-90D7-5DE009719B51}.Debug|Any CPU.Build.0 = Debug|Any CPU
		{76B73A44-EC55-4D32-90D7-5DE009719B51}.Release|Any CPU.ActiveCfg = Release|Any CPU
		{76B73A44-EC55-4D32-90D7-5DE009719B51}.Release|Any CPU.Build.0 = Release|Any CPU
		{9FD7D71D-B04E-455E-8759-84824B390BFA}.Debug|Any CPU.ActiveCfg = Debug|Any CPU
		{9FD7D71D-B04E-455E-8759-84824B390BFA}.Debug|Any CPU.Build.0 = Debug|Any CPU
		{9FD7D71D-B04E-455E-8759-84824B390BFA}.Release|Any CPU.ActiveCfg = Release|Any CPU
		{9FD7D71D-B04E-455E-8759-84824B390BFA}.Release|Any CPU.Build.0 = Release|Any CPU
		{2001220A-4979-481C-966D-129D1B5B0785}.Debug|Any CPU.ActiveCfg = Debug|Any CPU
		{2001220A-4979-481C-966D-129D1B5B0785}.Debug|Any CPU.Build.0 = Debug|Any CPU
		{2001220A-4979-481C-966D-129D1B5B0785}.Release|Any CPU.ActiveCfg = Release|Any CPU
		{2001220A-4979-481C-966D-129D1B5B0785}.Release|Any CPU.Build.0 = Release|Any CPU
		{F63BDD23-784C-462C-BD6A-3617627EF19F}.Debug|Any CPU.ActiveCfg = Debug|Any CPU
		{F63BDD23-784C-462C-BD6A-3617627EF19F}.Debug|Any CPU.Build.0 = Debug|Any CPU
		{F63BDD23-784C-462C-BD6A-3617627EF19F}.Release|Any CPU.ActiveCfg = Release|Any CPU
		{F63BDD23-784C-462C-BD6A-3617627EF19F}.Release|Any CPU.Build.0 = Release|Any CPU
		{72B44593-E8F0-43DA-A0E6-36FDF961FCC5}.Debug|Any CPU.ActiveCfg = Debug|Any CPU
		{72B44593-E8F0-43DA-A0E6-36FDF961FCC5}.Debug|Any CPU.Build.0 = Debug|Any CPU
		{72B44593-E8F0-43DA-A0E6-36FDF961FCC5}.Release|Any CPU.ActiveCfg = Release|Any CPU
		{72B44593-E8F0-43DA-A0E6-36FDF961FCC5}.Release|Any CPU.Build.0 = Release|Any CPU
		{AD0B64F5-635C-42FB-8181-6C8041B0B675}.Debug|Any CPU.ActiveCfg = Debug|Any CPU
		{AD0B64F5-635C-42FB-8181-6C8041B0B675}.Debug|Any CPU.Build.0 = Debug|Any CPU
		{AD0B64F5-635C-42FB-8181-6C8041B0B675}.Release|Any CPU.ActiveCfg = Release|Any CPU
		{AD0B64F5-635C-42FB-8181-6C8041B0B675}.Release|Any CPU.Build.0 = Release|Any CPU
	EndGlobalSection
	GlobalSection(SolutionProperties) = preSolution
		HideSolutionNode = FALSE
	EndGlobalSection
	GlobalSection(ExtensibilityGlobals) = postSolution
		SolutionGuid = {BE4D6205-D1FA-4A41-A032-87F6C8E6B3AF}
	EndGlobalSection
EndGlobal
